
Microsoft Visual Studio Solution File, Format Version 12.00
# Visual Studio Version 17
VisualStudioVersion = 17.14.36301.6 d17.14
MinimumVisualStudioVersion = 10.0.40219.1
Project("{FAE04EC0-301F-11D3-BF4B-00C04F79EFBC}") = "University.Api", "University.Api\University.Api.csproj", "{47B0EB94-A16E-457A-91E5-689ECE906FA3}"
EndProject
Project("{FAE04EC0-301F-11D3-BF4B-00C04F79EFBC}") = "University.Core", "University.Core\University.Core.csproj", "{6E78B41A-8173-4B89-85BC-8CB089E14566}"
EndProject
Project("{FAE04EC0-301F-11D3-BF4B-00C04F79EFBC}") = "University.Data", "University.Data\University.Data.csproj", "{69BE2201-54F4-4F43-88FC-0698E51AE546}"
EndProject
Global
	GlobalSection(SolutionConfigurationPlatforms) = preSolution
		Debug|Any CPU = Debug|Any CPU
		Release|Any CPU = Release|Any CPU
	EndGlobalSection
	GlobalSection(ProjectConfigurationPlatforms) = postSolution
		{47B0EB94-A16E-457A-91E5-689ECE906FA3}.Debug|Any CPU.ActiveCfg = Debug|Any CPU
		{47B0EB94-A16E-457A-91E5-689ECE906FA3}.Debug|Any CPU.Build.0 = Debug|Any CPU
		{47B0EB94-A16E-457A-91E5-689ECE906FA3}.Release|Any CPU.ActiveCfg = Release|Any CPU
		{47B0EB94-A16E-457A-91E5-689ECE906FA3}.Release|Any CPU.Build.0 = Release|Any CPU
		{6E78B41A-8173-4B89-85BC-8CB089E14566}.Debug|Any CPU.ActiveCfg = Debug|Any CPU
		{6E78B41A-8173-4B89-85BC-8CB089E14566}.Debug|Any CPU.Build.0 = Debug|Any CPU
		{6E78B41A-8173-4B89-85BC-8CB089E14566}.Release|Any CPU.ActiveCfg = Release|Any CPU
		{6E78B41A-8173-4B89-85BC-8CB089E14566}.Release|Any CPU.Build.0 = Release|Any CPU
		{69BE2201-54F4-4F43-88FC-0698E51AE546}.Debug|Any CPU.ActiveCfg = Debug|Any CPU
		{69BE2201-54F4-4F43-88FC-0698E51AE546}.Debug|Any CPU.Build.0 = Debug|Any CPU
		{69BE2201-54F4-4F43-88FC-0698E51AE546}.Release|Any CPU.ActiveCfg = Release|Any CPU
		{69BE2201-54F4-4F43-88FC-0698E51AE546}.Release|Any CPU.Build.0 = Release|Any CPU
	EndGlobalSection
	GlobalSection(SolutionProperties) = preSolution
		HideSolutionNode = FALSE
	EndGlobalSection
	GlobalSection(ExtensibilityGlobals) = postSolution
		SolutionGuid = {49617775-AC52-4C03-A5AD-987E717B2304}
	EndGlobalSection
EndGlobal
